{
  "lockfileVersion": 1,
  "configVersion": 1,
  "workspaces": {
    "": {
      "name": "zenith",
      "dependencies": {
        "@types/acorn": "^6.0.4",
        "@types/marked": "^6.0.0",
        "@types/parse5": "^7.0.0",
        "@zenith/router": "latest",
        "acorn": "^8.15.0",
        "es-module-lexer": "^2.0.0",
        "marked": "^17.0.1",
        "parse5": "^8.0.0",
        "picocolors": "^1.1.1",
        "rolldown": "latest",
      },
      "devDependencies": {
        "@types/bun": "latest",
        "@types/node": "latest",
        "prettier": "^3.7.4",
      },
      "peerDependencies": {
        "typescript": "^5",
      },
    },
  },
  "packages": {
    "@emnapi/core": ["@emnapi/core@1.8.1", "", { "dependencies": { "@emnapi/wasi-threads": "1.1.0", "tslib": "^2.4.0" } }, "sha512-AvT9QFpxK0Zd8J0jopedNm+w/2fIzvtPKPjqyw9jwvBaReTTqPBk9Hixaz7KbjimP+QNz605/XnjFcDAL2pqBg=="],

    "@emnapi/runtime": ["@emnapi/runtime@1.8.1", "", { "dependencies": { "tslib": "^2.4.0" } }, "sha512-mehfKSMWjjNol8659Z8KxEMrdSJDDot5SXMq00dM8BN4o+CLNXQ0xH2V7EchNHV4RmbZLmmPdEaXZc5H2FXmDg=="],

    "@emnapi/wasi-threads": ["@emnapi/wasi-threads@1.1.0", "", { "dependencies": { "tslib": "^2.4.0" } }, "sha512-WI0DdZ8xFSbgMjR1sFsKABJ/C5OnRrjT06JXbZKexJGrDuPTzZdDYfFlsgcCXCyf+suG5QU2e/y1Wo2V/OapLQ=="],

    "@napi-rs/wasm-runtime": ["@napi-rs/wasm-runtime@1.1.1", "", { "dependencies": { "@emnapi/core": "^1.7.1", "@emnapi/runtime": "^1.7.1", "@tybys/wasm-util": "^0.10.1" } }, "sha512-p64ah1M1ld8xjWv3qbvFwHiFVWrq1yFvV4f7w+mzaqiR4IlSgkqhcRdHwsGgomwzBH51sRY4NEowLxnaBjcW/A=="],

    "@oxc-project/types": ["@oxc-project/types@0.110.0", "", {}, "sha512-6Ct21OIlrEnFEJk5LT4e63pk3btsI6/TusD/GStLi7wYlGJNOl1GI9qvXAnRAxQU9zqA2Oz+UwhfTOU2rPZVow=="],

    "@rolldown/binding-android-arm64": ["@rolldown/binding-android-arm64@1.0.0-rc.1", "", { "os": "android", "cpu": "arm64" }, "sha512-He6ZoCfv5D7dlRbrhNBkuMVIHd0GDnjJwbICE1OWpG7G3S2gmJ+eXkcNLJjzjNDpeI2aRy56ou39AJM9AD8YFA=="],

    "@rolldown/binding-darwin-arm64": ["@rolldown/binding-darwin-arm64@1.0.0-rc.1", "", { "os": "darwin", "cpu": "arm64" }, "sha512-YzJdn08kSOXnj85ghHauH2iHpOJ6eSmstdRTLyaziDcUxe9SyQJgGyx/5jDIhDvtOcNvMm2Ju7m19+S/Rm1jFg=="],

    "@rolldown/binding-darwin-x64": ["@rolldown/binding-darwin-x64@1.0.0-rc.1", "", { "os": "darwin", "cpu": "x64" }, "sha512-cIvAbqM+ZVV6lBSKSBtlNqH5iCiW933t1q8j0H66B3sjbe8AxIRetVqfGgcHcJtMzBIkIALlL9fcDrElWLJQcQ=="],

    "@rolldown/binding-freebsd-x64": ["@rolldown/binding-freebsd-x64@1.0.0-rc.1", "", { "os": "freebsd", "cpu": "x64" }, "sha512-rVt+B1B/qmKwCl1XD02wKfgh3vQPXRXdB/TicV2w6g7RVAM1+cZcpigwhLarqiVCxDObFZ7UgXCxPC7tpDoRog=="],

    "@rolldown/binding-linux-arm-gnueabihf": ["@rolldown/binding-linux-arm-gnueabihf@1.0.0-rc.1", "", { "os": "linux", "cpu": "arm" }, "sha512-69YKwJJBOFprQa1GktPgbuBOfnn+EGxu8sBJ1TjPER+zhSpYeaU4N07uqmyBiksOLGXsMegymuecLobfz03h8Q=="],

    "@rolldown/binding-linux-arm64-gnu": ["@rolldown/binding-linux-arm64-gnu@1.0.0-rc.1", "", { "os": "linux", "cpu": "arm64" }, "sha512-9JDhHUf3WcLfnViFWm+TyorqUtnSAHaCzlSNmMOq824prVuuzDOK91K0Hl8DUcEb9M5x2O+d2/jmBMsetRIn3g=="],

    "@rolldown/binding-linux-arm64-musl": ["@rolldown/binding-linux-arm64-musl@1.0.0-rc.1", "", { "os": "linux", "cpu": "arm64" }, "sha512-UvApLEGholmxw/HIwmUnLq3CwdydbhaHHllvWiCTNbyGom7wTwOtz5OAQbAKZYyiEOeIXZNPkM7nA4Dtng7CLw=="],

    "@rolldown/binding-linux-x64-gnu": ["@rolldown/binding-linux-x64-gnu@1.0.0-rc.1", "", { "os": "linux", "cpu": "x64" }, "sha512-uVctNgZHiGnJx5Fij7wHLhgw4uyZBVi6mykeWKOqE7bVy9Hcxn0fM/IuqdMwk6hXlaf9fFShDTFz2+YejP+x0A=="],

    "@rolldown/binding-linux-x64-musl": ["@rolldown/binding-linux-x64-musl@1.0.0-rc.1", "", { "os": "linux", "cpu": "x64" }, "sha512-T6Eg0xWwcxd/MzBcuv4Z37YVbUbJxy5cMNnbIt/Yr99wFwli30O4BPlY8hKeGyn6lWNtU0QioBS46lVzDN38bg=="],

    "@rolldown/binding-openharmony-arm64": ["@rolldown/binding-openharmony-arm64@1.0.0-rc.1", "", { "os": "none", "cpu": "arm64" }, "sha512-PuGZVS2xNJyLADeh2F04b+Cz4NwvpglbtWACgrDOa5YDTEHKwmiTDjoD5eZ9/ptXtcpeFrMqD2H4Zn33KAh1Eg=="],

    "@rolldown/binding-wasm32-wasi": ["@rolldown/binding-wasm32-wasi@1.0.0-rc.1", "", { "dependencies": { "@napi-rs/wasm-runtime": "^1.1.1" }, "cpu": "none" }, "sha512-2mOxY562ihHlz9lEXuaGEIDCZ1vI+zyFdtsoa3M62xsEunDXQE+DVPO4S4x5MPK9tKulG/aFcA/IH5eVN257Cw=="],

    "@rolldown/binding-win32-arm64-msvc": ["@rolldown/binding-win32-arm64-msvc@1.0.0-rc.1", "", { "os": "win32", "cpu": "arm64" }, "sha512-oQVOP5cfAWZwRD0Q3nGn/cA9FW3KhMMuQ0NIndALAe6obqjLhqYVYDiGGRGrxvnjJsVbpLwR14gIUYnpIcHR1g=="],

    "@rolldown/binding-win32-x64-msvc": ["@rolldown/binding-win32-x64-msvc@1.0.0-rc.1", "", { "os": "win32", "cpu": "x64" }, "sha512-Ydsxxx++FNOuov3wCBPaYjZrEvKOOGq3k+BF4BPridhg2pENfitSRD2TEuQ8i33bp5VptuNdC9IzxRKU031z5A=="],

    "@rolldown/pluginutils": ["@rolldown/pluginutils@1.0.0-rc.1", "", {}, "sha512-UTBjtTxVOhodhzFVp/ayITaTETRHPUPYZPXQe0WU0wOgxghMojXxYjOiPOauKIYNWJAWS2fd7gJgGQK8GU8vDA=="],

    "@tybys/wasm-util": ["@tybys/wasm-util@0.10.1", "", { "dependencies": { "tslib": "^2.4.0" } }, "sha512-9tTaPJLSiejZKx+Bmog4uSubteqTvFrVrURwkmHixBo0G4seD0zUxp98E1DzUBJxLQ3NPwXrGKDiVjwx/DpPsg=="],

    "@types/acorn": ["@types/acorn@6.0.4", "", { "dependencies": { "acorn": "*" } }, "sha512-DafqcBAjbOOmgqIx3EF9EAdBKAKgspv00aQVIW3fVQ0TXo5ZPBeSRey1SboVAUzjw8Ucm7cd1gtTSlosYoEQLA=="],

    "@types/bun": ["@types/bun@1.3.5", "", { "dependencies": { "bun-types": "1.3.5" } }, "sha512-RnygCqNrd3srIPEWBd5LFeUYG7plCoH2Yw9WaZGyNmdTEei+gWaHqydbaIRkIkcbXwhBT94q78QljxN0Sk838w=="],

    "@types/marked": ["@types/marked@6.0.0", "", { "dependencies": { "marked": "*" } }, "sha512-jmjpa4BwUsmhxcfsgUit/7A9KbrC48Q0q8KvnY107ogcjGgTFDlIL3RpihNpx2Mu1hM4mdFQjoVc4O6JoGKHsA=="],

    "@types/node": ["@types/node@25.0.5", "", { "dependencies": { "undici-types": "~7.16.0" } }, "sha512-FuLxeLuSVOqHPxSN1fkcD8DLU21gAP7nCKqGRJ/FglbCUBs0NYN6TpHcdmyLeh8C0KwGIaZQJSv+OYG+KZz+Gw=="],

    "@types/parse5": ["@types/parse5@7.0.0", "", { "dependencies": { "parse5": "*" } }, "sha512-f2SeAxumolBmhuR62vNGTsSAvdz/Oj0k682xNrcKJ4dmRnTPODB74j6CPoNPzBPTHsu7Y7W7u93Mgp8Ovo8vWw=="],

    "@zenith/router": ["@zenith/router@0.1.2", "", { "peerDependencies": { "typescript": "^5" } }, "sha512-ST9Y1hGuCSk7yXa3B3676an+dcsAlcxH2snuzWL1TNvyZ9LV4xaJ9VTpK8pGbgwcA7D1lYxQMDkX7Xkf0/on1w=="],

    "acorn": ["acorn@8.15.0", "", { "bin": { "acorn": "bin/acorn" } }, "sha512-NZyJarBfL7nWwIq+FDL6Zp/yHEhePMNnnJ0y3qfieCrmNvYct8uvtiV41UvlSe6apAfk0fY1FbWx+NwfmpvtTg=="],

    "bun-types": ["bun-types@1.3.5", "", { "dependencies": { "@types/node": "*" } }, "sha512-inmAYe2PFLs0SUbFOWSVD24sg1jFlMPxOjOSSCYqUgn4Hsc3rDc7dFvfVYjFPNHtov6kgUeulV4SxbuIV/stPw=="],

    "entities": ["entities@6.0.1", "", {}, "sha512-aN97NXWF6AWBTahfVOIrB/NShkzi5H7F9r1s9mD3cDj4Ko5f2qhhVoYMibXF7GlLveb/D2ioWay8lxI97Ven3g=="],

    "es-module-lexer": ["es-module-lexer@2.0.0", "", {}, "sha512-5POEcUuZybH7IdmGsD8wlf0AI55wMecM9rVBTI/qEAy2c1kTOm3DjFYjrBdI2K3BaJjJYfYFeRtM0t9ssnRuxw=="],

    "marked": ["marked@17.0.1", "", { "bin": { "marked": "bin/marked.js" } }, "sha512-boeBdiS0ghpWcSwoNm/jJBwdpFaMnZWRzjA6SkUMYb40SVaN1x7mmfGKp0jvexGcx+7y2La5zRZsYFZI6Qpypg=="],

    "parse5": ["parse5@8.0.0", "", { "dependencies": { "entities": "^6.0.0" } }, "sha512-9m4m5GSgXjL4AjumKzq1Fgfp3Z8rsvjRNbnkVwfu2ImRqE5D0LnY2QfDen18FSY9C573YU5XxSapdHZTZ2WolA=="],

    "picocolors": ["picocolors@1.1.1", "", {}, "sha512-xceH2snhtb5M9liqDsmEw56le376mTZkEX/jEb/RxNFyegNul7eNslCXP9FDj/Lcu0X8KEyMceP2ntpaHrDEVA=="],

    "prettier": ["prettier@3.7.4", "", { "bin": { "prettier": "bin/prettier.cjs" } }, "sha512-v6UNi1+3hSlVvv8fSaoUbggEM5VErKmmpGA7Pl3HF8V6uKY7rvClBOJlH6yNwQtfTueNkGVpOv/mtWL9L4bgRA=="],

    "rolldown": ["rolldown@1.0.0-rc.1", "", { "dependencies": { "@oxc-project/types": "=0.110.0", "@rolldown/pluginutils": "1.0.0-rc.1" }, "optionalDependencies": { "@rolldown/binding-android-arm64": "1.0.0-rc.1", "@rolldown/binding-darwin-arm64": "1.0.0-rc.1", "@rolldown/binding-darwin-x64": "1.0.0-rc.1", "@rolldown/binding-freebsd-x64": "1.0.0-rc.1", "@rolldown/binding-linux-arm-gnueabihf": "1.0.0-rc.1", "@rolldown/binding-linux-arm64-gnu": "1.0.0-rc.1", "@rolldown/binding-linux-arm64-musl": "1.0.0-rc.1", "@rolldown/binding-linux-x64-gnu": "1.0.0-rc.1", "@rolldown/binding-linux-x64-musl": "1.0.0-rc.1", "@rolldown/binding-openharmony-arm64": "1.0.0-rc.1", "@rolldown/binding-wasm32-wasi": "1.0.0-rc.1", "@rolldown/binding-win32-arm64-msvc": "1.0.0-rc.1", "@rolldown/binding-win32-x64-msvc": "1.0.0-rc.1" }, "bin": { "rolldown": "bin/cli.mjs" } }, "sha512-M3AeZjYE6UclblEf531Hch0WfVC/NOL43Cc+WdF3J50kk5/fvouHhDumSGTh0oRjbZ8C4faaVr5r6Nx1xMqDGg=="],

    "tslib": ["tslib@2.8.1", "", {}, "sha512-oJFu94HQb+KVduSUQL7wnpmqnfmLsOA/nAh6b6EH0wCEoK0/mPeXU6c3wKDV83MkOuHPRHtSXKKU99IBazS/2w=="],

    "typescript": ["typescript@5.9.3", "", { "bin": { "tsc": "bin/tsc", "tsserver": "bin/tsserver" } }, "sha512-jl1vZzPDinLr9eUt3J/t7V6FgNEw9QjvBPdysz9KfQDD41fQrC2Y4vKQdiaUpFT4bXlb1RHhLpp8wtm6M5TgSw=="],

    "undici-types": ["undici-types@7.16.0", "", {}, "sha512-Zz+aZWSj8LE6zoxD+xrjh4VfkIG8Ya6LvYkZqtUQGJPZjYl53ypCaUwWqo7eI0x66KBGeRo+mlBEkMSeSZ38Nw=="],

    "bun-types/@types/node": ["@types/node@25.0.3", "", { "dependencies": { "undici-types": "~7.16.0" } }, "sha512-W609buLVRVmeW693xKfzHeIV6nJGGz98uCPfeXI1ELMLXVeKYZ9m15fAMSaUPBHYLGFsVRcMmSCksQOrZV9BYA=="],
  }
}
