{
  "lockfileVersion": 1,
  "configVersion": 1,
  "workspaces": {
    "": {
      "name": "@zenithbuild/core",
      "dependencies": {
        "@zenithbuild/compiler": "file:../zenith-compiler",
        "@zenithbuild/router": "^1.0.4",
        "picocolors": "^1.1.1",
      },
      "devDependencies": {
        "@types/bun": "^1.3.6",
        "@types/node": "^25.0.10",
        "prettier": "^3.8.1",
      },
      "peerDependencies": {
        "typescript": "^5.9.3",
      },
    },
  },
  "packages": {
    "@emnapi/core": ["@emnapi/core@1.8.1", "", { "dependencies": { "@emnapi/wasi-threads": "1.1.0", "tslib": "^2.4.0" } }, "sha512-AvT9QFpxK0Zd8J0jopedNm+w/2fIzvtPKPjqyw9jwvBaReTTqPBk9Hixaz7KbjimP+QNz605/XnjFcDAL2pqBg=="],

    "@emnapi/runtime": ["@emnapi/runtime@1.8.1", "", { "dependencies": { "tslib": "^2.4.0" } }, "sha512-mehfKSMWjjNol8659Z8KxEMrdSJDDot5SXMq00dM8BN4o+CLNXQ0xH2V7EchNHV4RmbZLmmPdEaXZc5H2FXmDg=="],

    "@emnapi/wasi-threads": ["@emnapi/wasi-threads@1.1.0", "", { "dependencies": { "tslib": "^2.4.0" } }, "sha512-WI0DdZ8xFSbgMjR1sFsKABJ/C5OnRrjT06JXbZKexJGrDuPTzZdDYfFlsgcCXCyf+suG5QU2e/y1Wo2V/OapLQ=="],

    "@esbuild/aix-ppc64": ["@esbuild/aix-ppc64@0.20.2", "", { "os": "aix", "cpu": "ppc64" }, "sha512-D+EBOJHXdNZcLJRBkhENNG8Wji2kgc9AZ9KiPr1JuZjsNtyHzrsfLRrY0tk2H2aoFu6RANO1y1iPPUCDYWkb5g=="],

    "@esbuild/android-arm": ["@esbuild/android-arm@0.20.2", "", { "os": "android", "cpu": "arm" }, "sha512-t98Ra6pw2VaDhqNWO2Oph2LXbz/EJcnLmKLGBJwEwXX/JAN83Fym1rU8l0JUWK6HkIbWONCSSatf4sf2NBRx/w=="],

    "@esbuild/android-arm64": ["@esbuild/android-arm64@0.20.2", "", { "os": "android", "cpu": "arm64" }, "sha512-mRzjLacRtl/tWU0SvD8lUEwb61yP9cqQo6noDZP/O8VkwafSYwZ4yWy24kan8jE/IMERpYncRt2dw438LP3Xmg=="],

    "@esbuild/android-x64": ["@esbuild/android-x64@0.20.2", "", { "os": "android", "cpu": "x64" }, "sha512-btzExgV+/lMGDDa194CcUQm53ncxzeBrWJcncOBxuC6ndBkKxnHdFJn86mCIgTELsooUmwUm9FkhSp5HYu00Rg=="],

    "@esbuild/darwin-arm64": ["@esbuild/darwin-arm64@0.20.2", "", { "os": "darwin", "cpu": "arm64" }, "sha512-4J6IRT+10J3aJH3l1yzEg9y3wkTDgDk7TSDFX+wKFiWjqWp/iCfLIYzGyasx9l0SAFPT1HwSCR+0w/h1ES/MjA=="],

    "@esbuild/darwin-x64": ["@esbuild/darwin-x64@0.20.2", "", { "os": "darwin", "cpu": "x64" }, "sha512-tBcXp9KNphnNH0dfhv8KYkZhjc+H3XBkF5DKtswJblV7KlT9EI2+jeA8DgBjp908WEuYll6pF+UStUCfEpdysA=="],

    "@esbuild/freebsd-arm64": ["@esbuild/freebsd-arm64@0.20.2", "", { "os": "freebsd", "cpu": "arm64" }, "sha512-d3qI41G4SuLiCGCFGUrKsSeTXyWG6yem1KcGZVS+3FYlYhtNoNgYrWcvkOoaqMhwXSMrZRl69ArHsGJ9mYdbbw=="],

    "@esbuild/freebsd-x64": ["@esbuild/freebsd-x64@0.20.2", "", { "os": "freebsd", "cpu": "x64" }, "sha512-d+DipyvHRuqEeM5zDivKV1KuXn9WeRX6vqSqIDgwIfPQtwMP4jaDsQsDncjTDDsExT4lR/91OLjRo8bmC1e+Cw=="],

    "@esbuild/linux-arm": ["@esbuild/linux-arm@0.20.2", "", { "os": "linux", "cpu": "arm" }, "sha512-VhLPeR8HTMPccbuWWcEUD1Az68TqaTYyj6nfE4QByZIQEQVWBB8vup8PpR7y1QHL3CpcF6xd5WVBU/+SBEvGTg=="],

    "@esbuild/linux-arm64": ["@esbuild/linux-arm64@0.20.2", "", { "os": "linux", "cpu": "arm64" }, "sha512-9pb6rBjGvTFNira2FLIWqDk/uaf42sSyLE8j1rnUpuzsODBq7FvpwHYZxQ/It/8b+QOS1RYfqgGFNLRI+qlq2A=="],

    "@esbuild/linux-ia32": ["@esbuild/linux-ia32@0.20.2", "", { "os": "linux", "cpu": "ia32" }, "sha512-o10utieEkNPFDZFQm9CoP7Tvb33UutoJqg3qKf1PWVeeJhJw0Q347PxMvBgVVFgouYLGIhFYG0UGdBumROyiig=="],

    "@esbuild/linux-loong64": ["@esbuild/linux-loong64@0.20.2", "", { "os": "linux", "cpu": "none" }, "sha512-PR7sp6R/UC4CFVomVINKJ80pMFlfDfMQMYynX7t1tNTeivQ6XdX5r2XovMmha/VjR1YN/HgHWsVcTRIMkymrgQ=="],

    "@esbuild/linux-mips64el": ["@esbuild/linux-mips64el@0.20.2", "", { "os": "linux", "cpu": "none" }, "sha512-4BlTqeutE/KnOiTG5Y6Sb/Hw6hsBOZapOVF6njAESHInhlQAghVVZL1ZpIctBOoTFbQyGW+LsVYZ8lSSB3wkjA=="],

    "@esbuild/linux-ppc64": ["@esbuild/linux-ppc64@0.20.2", "", { "os": "linux", "cpu": "ppc64" }, "sha512-rD3KsaDprDcfajSKdn25ooz5J5/fWBylaaXkuotBDGnMnDP1Uv5DLAN/45qfnf3JDYyJv/ytGHQaziHUdyzaAg=="],

    "@esbuild/linux-riscv64": ["@esbuild/linux-riscv64@0.20.2", "", { "os": "linux", "cpu": "none" }, "sha512-snwmBKacKmwTMmhLlz/3aH1Q9T8v45bKYGE3j26TsaOVtjIag4wLfWSiZykXzXuE1kbCE+zJRmwp+ZbIHinnVg=="],

    "@esbuild/linux-s390x": ["@esbuild/linux-s390x@0.20.2", "", { "os": "linux", "cpu": "s390x" }, "sha512-wcWISOobRWNm3cezm5HOZcYz1sKoHLd8VL1dl309DiixxVFoFe/o8HnwuIwn6sXre88Nwj+VwZUvJf4AFxkyrQ=="],

    "@esbuild/linux-x64": ["@esbuild/linux-x64@0.20.2", "", { "os": "linux", "cpu": "x64" }, "sha512-1MdwI6OOTsfQfek8sLwgyjOXAu+wKhLEoaOLTjbijk6E2WONYpH9ZU2mNtR+lZ2B4uwr+usqGuVfFT9tMtGvGw=="],

    "@esbuild/netbsd-x64": ["@esbuild/netbsd-x64@0.20.2", "", { "os": "none", "cpu": "x64" }, "sha512-K8/DhBxcVQkzYc43yJXDSyjlFeHQJBiowJ0uVL6Tor3jGQfSGHNNJcWxNbOI8v5k82prYqzPuwkzHt3J1T1iZQ=="],

    "@esbuild/openbsd-x64": ["@esbuild/openbsd-x64@0.20.2", "", { "os": "openbsd", "cpu": "x64" }, "sha512-eMpKlV0SThJmmJgiVyN9jTPJ2VBPquf6Kt/nAoo6DgHAoN57K15ZghiHaMvqjCye/uU4X5u3YSMgVBI1h3vKrQ=="],

    "@esbuild/sunos-x64": ["@esbuild/sunos-x64@0.20.2", "", { "os": "sunos", "cpu": "x64" }, "sha512-2UyFtRC6cXLyejf/YEld4Hajo7UHILetzE1vsRcGL3earZEW77JxrFjH4Ez2qaTiEfMgAXxfAZCm1fvM/G/o8w=="],

    "@esbuild/win32-arm64": ["@esbuild/win32-arm64@0.20.2", "", { "os": "win32", "cpu": "arm64" }, "sha512-GRibxoawM9ZCnDxnP3usoUDO9vUkpAxIIZ6GQI+IlVmr5kP3zUq+l17xELTHMWTWzjxa2guPNyrpq1GWmPvcGQ=="],

    "@esbuild/win32-ia32": ["@esbuild/win32-ia32@0.20.2", "", { "os": "win32", "cpu": "ia32" }, "sha512-HfLOfn9YWmkSKRQqovpnITazdtquEW8/SoHW7pWpuEeguaZI4QnCRW6b+oZTztdBnZOS2hqJ6im/D5cPzBTTlQ=="],

    "@esbuild/win32-x64": ["@esbuild/win32-x64@0.20.2", "", { "os": "win32", "cpu": "x64" }, "sha512-N49X4lJX27+l9jbLKSqZ6bKNjzQvHaT8IIFUy+YIqmXQdjYCToGWwOItDrfby14c78aDd5NHQl29xingXfCdLQ=="],

    "@isaacs/cliui": ["@isaacs/cliui@8.0.2", "", { "dependencies": { "string-width": "^5.1.2", "string-width-cjs": "npm:string-width@^4.2.0", "strip-ansi": "^7.0.1", "strip-ansi-cjs": "npm:strip-ansi@^6.0.1", "wrap-ansi": "^8.1.0", "wrap-ansi-cjs": "npm:wrap-ansi@^7.0.0" } }, "sha512-O8jcjabXaleOG9DQ0+ARXWZBTfnP4WNAqzuiJK7ll44AmxGKv/J2M4TPjxjY3znBCfvBXFzucm1twdyFybFqEA=="],

    "@napi-rs/wasm-runtime": ["@napi-rs/wasm-runtime@1.1.1", "", { "dependencies": { "@emnapi/core": "^1.7.1", "@emnapi/runtime": "^1.7.1", "@tybys/wasm-util": "^0.10.1" } }, "sha512-p64ah1M1ld8xjWv3qbvFwHiFVWrq1yFvV4f7w+mzaqiR4IlSgkqhcRdHwsGgomwzBH51sRY4NEowLxnaBjcW/A=="],

    "@oxc-project/types": ["@oxc-project/types@0.110.0", "", {}, "sha512-6Ct21OIlrEnFEJk5LT4e63pk3btsI6/TusD/GStLi7wYlGJNOl1GI9qvXAnRAxQU9zqA2Oz+UwhfTOU2rPZVow=="],

    "@pkgjs/parseargs": ["@pkgjs/parseargs@0.11.0", "", {}, "sha512-+1VkjdD0QBLPodGrJUeqarH8VAIvQODIbwh9XpP5Syisf7YoQgsJKPNFoqqLQlu+VQ/tVSshMR6loPMn8U+dPg=="],

    "@rolldown/binding-android-arm64": ["@rolldown/binding-android-arm64@1.0.0-rc.1", "", { "os": "android", "cpu": "arm64" }, "sha512-He6ZoCfv5D7dlRbrhNBkuMVIHd0GDnjJwbICE1OWpG7G3S2gmJ+eXkcNLJjzjNDpeI2aRy56ou39AJM9AD8YFA=="],

    "@rolldown/binding-darwin-arm64": ["@rolldown/binding-darwin-arm64@1.0.0-rc.1", "", { "os": "darwin", "cpu": "arm64" }, "sha512-YzJdn08kSOXnj85ghHauH2iHpOJ6eSmstdRTLyaziDcUxe9SyQJgGyx/5jDIhDvtOcNvMm2Ju7m19+S/Rm1jFg=="],

    "@rolldown/binding-darwin-x64": ["@rolldown/binding-darwin-x64@1.0.0-rc.1", "", { "os": "darwin", "cpu": "x64" }, "sha512-cIvAbqM+ZVV6lBSKSBtlNqH5iCiW933t1q8j0H66B3sjbe8AxIRetVqfGgcHcJtMzBIkIALlL9fcDrElWLJQcQ=="],

    "@rolldown/binding-freebsd-x64": ["@rolldown/binding-freebsd-x64@1.0.0-rc.1", "", { "os": "freebsd", "cpu": "x64" }, "sha512-rVt+B1B/qmKwCl1XD02wKfgh3vQPXRXdB/TicV2w6g7RVAM1+cZcpigwhLarqiVCxDObFZ7UgXCxPC7tpDoRog=="],

    "@rolldown/binding-linux-arm-gnueabihf": ["@rolldown/binding-linux-arm-gnueabihf@1.0.0-rc.1", "", { "os": "linux", "cpu": "arm" }, "sha512-69YKwJJBOFprQa1GktPgbuBOfnn+EGxu8sBJ1TjPER+zhSpYeaU4N07uqmyBiksOLGXsMegymuecLobfz03h8Q=="],

    "@rolldown/binding-linux-arm64-gnu": ["@rolldown/binding-linux-arm64-gnu@1.0.0-rc.1", "", { "os": "linux", "cpu": "arm64" }, "sha512-9JDhHUf3WcLfnViFWm+TyorqUtnSAHaCzlSNmMOq824prVuuzDOK91K0Hl8DUcEb9M5x2O+d2/jmBMsetRIn3g=="],

    "@rolldown/binding-linux-arm64-musl": ["@rolldown/binding-linux-arm64-musl@1.0.0-rc.1", "", { "os": "linux", "cpu": "arm64" }, "sha512-UvApLEGholmxw/HIwmUnLq3CwdydbhaHHllvWiCTNbyGom7wTwOtz5OAQbAKZYyiEOeIXZNPkM7nA4Dtng7CLw=="],

    "@rolldown/binding-linux-x64-gnu": ["@rolldown/binding-linux-x64-gnu@1.0.0-rc.1", "", { "os": "linux", "cpu": "x64" }, "sha512-uVctNgZHiGnJx5Fij7wHLhgw4uyZBVi6mykeWKOqE7bVy9Hcxn0fM/IuqdMwk6hXlaf9fFShDTFz2+YejP+x0A=="],

    "@rolldown/binding-linux-x64-musl": ["@rolldown/binding-linux-x64-musl@1.0.0-rc.1", "", { "os": "linux", "cpu": "x64" }, "sha512-T6Eg0xWwcxd/MzBcuv4Z37YVbUbJxy5cMNnbIt/Yr99wFwli30O4BPlY8hKeGyn6lWNtU0QioBS46lVzDN38bg=="],

    "@rolldown/binding-openharmony-arm64": ["@rolldown/binding-openharmony-arm64@1.0.0-rc.1", "", { "os": "none", "cpu": "arm64" }, "sha512-PuGZVS2xNJyLADeh2F04b+Cz4NwvpglbtWACgrDOa5YDTEHKwmiTDjoD5eZ9/ptXtcpeFrMqD2H4Zn33KAh1Eg=="],

    "@rolldown/binding-wasm32-wasi": ["@rolldown/binding-wasm32-wasi@1.0.0-rc.1", "", { "dependencies": { "@napi-rs/wasm-runtime": "^1.1.1" }, "cpu": "none" }, "sha512-2mOxY562ihHlz9lEXuaGEIDCZ1vI+zyFdtsoa3M62xsEunDXQE+DVPO4S4x5MPK9tKulG/aFcA/IH5eVN257Cw=="],

    "@rolldown/binding-win32-arm64-msvc": ["@rolldown/binding-win32-arm64-msvc@1.0.0-rc.1", "", { "os": "win32", "cpu": "arm64" }, "sha512-oQVOP5cfAWZwRD0Q3nGn/cA9FW3KhMMuQ0NIndALAe6obqjLhqYVYDiGGRGrxvnjJsVbpLwR14gIUYnpIcHR1g=="],

    "@rolldown/binding-win32-x64-msvc": ["@rolldown/binding-win32-x64-msvc@1.0.0-rc.1", "", { "os": "win32", "cpu": "x64" }, "sha512-Ydsxxx++FNOuov3wCBPaYjZrEvKOOGq3k+BF4BPridhg2pENfitSRD2TEuQ8i33bp5VptuNdC9IzxRKU031z5A=="],

    "@rolldown/pluginutils": ["@rolldown/pluginutils@1.0.0-rc.1", "", {}, "sha512-UTBjtTxVOhodhzFVp/ayITaTETRHPUPYZPXQe0WU0wOgxghMojXxYjOiPOauKIYNWJAWS2fd7gJgGQK8GU8vDA=="],

    "@tybys/wasm-util": ["@tybys/wasm-util@0.10.1", "", { "dependencies": { "tslib": "^2.4.0" } }, "sha512-9tTaPJLSiejZKx+Bmog4uSubteqTvFrVrURwkmHixBo0G4seD0zUxp98E1DzUBJxLQ3NPwXrGKDiVjwx/DpPsg=="],

    "@types/acorn": ["@types/acorn@6.0.4", "", { "dependencies": { "acorn": "*" } }, "sha512-DafqcBAjbOOmgqIx3EF9EAdBKAKgspv00aQVIW3fVQ0TXo5ZPBeSRey1SboVAUzjw8Ucm7cd1gtTSlosYoEQLA=="],

    "@types/bun": ["@types/bun@1.3.6", "", { "dependencies": { "bun-types": "1.3.6" } }, "sha512-uWCv6FO/8LcpREhenN1d1b6fcspAB+cefwD7uti8C8VffIv0Um08TKMn98FynpTiU38+y2dUO55T11NgDt8VAA=="],

    "@types/marked": ["@types/marked@6.0.0", "", { "dependencies": { "marked": "*" } }, "sha512-jmjpa4BwUsmhxcfsgUit/7A9KbrC48Q0q8KvnY107ogcjGgTFDlIL3RpihNpx2Mu1hM4mdFQjoVc4O6JoGKHsA=="],

    "@types/node": ["@types/node@25.0.10", "", { "dependencies": { "undici-types": "~7.16.0" } }, "sha512-zWW5KPngR/yvakJgGOmZ5vTBemDoSqF3AcV/LrO5u5wTWyEAVVh+IT39G4gtyAkh3CtTZs8aX/yRM82OfzHJRg=="],

    "@types/parse5": ["@types/parse5@7.0.0", "", { "dependencies": { "parse5": "*" } }, "sha512-f2SeAxumolBmhuR62vNGTsSAvdz/Oj0k682xNrcKJ4dmRnTPODB74j6CPoNPzBPTHsu7Y7W7u93Mgp8Ovo8vWw=="],

    "@types/prompts": ["@types/prompts@2.4.9", "", { "dependencies": { "@types/node": "*", "kleur": "^3.0.3" } }, "sha512-qTxFi6Buiu8+50/+3DGIWLHM6QuWsEKugJnnP6iv2Mc4ncxE4A/OJkjuVOA+5X0X1S/nq5VJRa8Lu+nwcvbrKA=="],

    "@zenithbuild/compiler": ["@zenithbuild/compiler@file:../zenith-compiler", { "dependencies": { "@zenithbuild/router": "latest", "acorn": "^8.15.0", "es-module-lexer": "^2.0.0", "esbuild": "^0.20.0", "glob": "^10.3.10", "marked": "^17.0.1", "parse5": "^8.0.0", "picocolors": "^1.1.1", "prompts": "^2.4.2", "rolldown": "latest", "ws": "^8.16.0" }, "devDependencies": { "@types/acorn": "^6.0.4", "@types/marked": "^6.0.0", "@types/node": "^20.11.0", "@types/parse5": "^7.0.0", "@types/prompts": "^2.4.9", "bun-types": "latest", "typescript": "^5.3.3" } }],

    "@zenithbuild/router": ["@zenithbuild/router@1.0.6", "", { "peerDependencies": { "typescript": "^5" } }, "sha512-I6I5Dav/uexVHF7KZJjdhsll+vp9hIVTx4lUylS0wy3DzZ0ZuvOfYkVc12acjW5KZoZmvbbgWAalrJkdvdIQZA=="],

    "acorn": ["acorn@8.15.0", "", { "bin": { "acorn": "bin/acorn" } }, "sha512-NZyJarBfL7nWwIq+FDL6Zp/yHEhePMNnnJ0y3qfieCrmNvYct8uvtiV41UvlSe6apAfk0fY1FbWx+NwfmpvtTg=="],

    "ansi-regex": ["ansi-regex@6.2.2", "", {}, "sha512-Bq3SmSpyFHaWjPk8If9yc6svM8c56dB5BAtW4Qbw5jHTwwXXcTLoRMkpDJp6VL0XzlWaCHTXrkFURMYmD0sLqg=="],

    "ansi-styles": ["ansi-styles@6.2.3", "", {}, "sha512-4Dj6M28JB+oAH8kFkTLUo+a2jwOFkuqb3yucU0CANcRRUbxS0cP0nZYCGjcc3BNXwRIsUVmDGgzawme7zvJHvg=="],

    "balanced-match": ["balanced-match@1.0.2", "", {}, "sha512-3oSeUO0TMV67hN1AmbXsK4yaqU7tjiHlbxRDZOpH0KW9+CeX4bRAaX0Anxt0tx2MrpRpWwQaPwIlISEJhYU5Pw=="],

    "brace-expansion": ["brace-expansion@2.0.2", "", { "dependencies": { "balanced-match": "^1.0.0" } }, "sha512-Jt0vHyM+jmUBqojB7E1NIYadt0vI0Qxjxd2TErW94wDz+E2LAm5vKMXXwg6ZZBTHPuUlDgQHKXvjGBdfcF1ZDQ=="],

    "bun-types": ["bun-types@1.3.6", "", { "dependencies": { "@types/node": "*" } }, "sha512-OlFwHcnNV99r//9v5IIOgQ9Uk37gZqrNMCcqEaExdkVq3Avwqok1bJFmvGMCkCE0FqzdY8VMOZpfpR3lwI+CsQ=="],

    "color-convert": ["color-convert@2.0.1", "", { "dependencies": { "color-name": "~1.1.4" } }, "sha512-RRECPsj7iu/xb5oKYcsFHSppFNnsj/52OVTRKb4zP5onXwVF3zVmmToNcOfGC+CRDpfK/U584fMg38ZHCaElKQ=="],

    "color-name": ["color-name@1.1.4", "", {}, "sha512-dOy+3AuW3a2wNbZHIuMZpTcgjGuLU/uBL/ubcZF9OXbDo8ff4O8yVp5Bf0efS8uEoYo5q4Fx7dY9OgQGXgAsQA=="],

    "cross-spawn": ["cross-spawn@7.0.6", "", { "dependencies": { "path-key": "^3.1.0", "shebang-command": "^2.0.0", "which": "^2.0.1" } }, "sha512-uV2QOWP2nWzsy2aMp8aRibhi9dlzF5Hgh5SHaB9OiTGEyDTiJJyx0uy51QXdyWbtAHNua4XJzUKca3OzKUd3vA=="],

    "eastasianwidth": ["eastasianwidth@0.2.0", "", {}, "sha512-I88TYZWc9XiYHRQ4/3c5rjjfgkjhLyW2luGIheGERbNQ6OY7yTybanSpDXZa8y7VUP9YmDcYa+eyq4ca7iLqWA=="],

    "emoji-regex": ["emoji-regex@9.2.2", "", {}, "sha512-L18DaJsXSUk2+42pv8mLs5jJT2hqFkFE4j21wOmgbUqsZ2hL72NsUU785g9RXgo3s0ZNgVl42TiHp3ZtOv/Vyg=="],

    "entities": ["entities@6.0.1", "", {}, "sha512-aN97NXWF6AWBTahfVOIrB/NShkzi5H7F9r1s9mD3cDj4Ko5f2qhhVoYMibXF7GlLveb/D2ioWay8lxI97Ven3g=="],

    "es-module-lexer": ["es-module-lexer@2.0.0", "", {}, "sha512-5POEcUuZybH7IdmGsD8wlf0AI55wMecM9rVBTI/qEAy2c1kTOm3DjFYjrBdI2K3BaJjJYfYFeRtM0t9ssnRuxw=="],

    "esbuild": ["esbuild@0.20.2", "", { "optionalDependencies": { "@esbuild/aix-ppc64": "0.20.2", "@esbuild/android-arm": "0.20.2", "@esbuild/android-arm64": "0.20.2", "@esbuild/android-x64": "0.20.2", "@esbuild/darwin-arm64": "0.20.2", "@esbuild/darwin-x64": "0.20.2", "@esbuild/freebsd-arm64": "0.20.2", "@esbuild/freebsd-x64": "0.20.2", "@esbuild/linux-arm": "0.20.2", "@esbuild/linux-arm64": "0.20.2", "@esbuild/linux-ia32": "0.20.2", "@esbuild/linux-loong64": "0.20.2", "@esbuild/linux-mips64el": "0.20.2", "@esbuild/linux-ppc64": "0.20.2", "@esbuild/linux-riscv64": "0.20.2", "@esbuild/linux-s390x": "0.20.2", "@esbuild/linux-x64": "0.20.2", "@esbuild/netbsd-x64": "0.20.2", "@esbuild/openbsd-x64": "0.20.2", "@esbuild/sunos-x64": "0.20.2", "@esbuild/win32-arm64": "0.20.2", "@esbuild/win32-ia32": "0.20.2", "@esbuild/win32-x64": "0.20.2" }, "bin": { "esbuild": "bin/esbuild" } }, "sha512-WdOOppmUNU+IbZ0PaDiTst80zjnrOkyJNHoKupIcVyU8Lvla3Ugx94VzkQ32Ijqd7UhHJy75gNWDMUekcrSJ6g=="],

    "foreground-child": ["foreground-child@3.3.1", "", { "dependencies": { "cross-spawn": "^7.0.6", "signal-exit": "^4.0.1" } }, "sha512-gIXjKqtFuWEgzFRJA9WCQeSJLZDjgJUOMCMzxtvFq/37KojM1BFGufqsCy0r4qSQmYLsZYMeyRqzIWOMup03sw=="],

    "glob": ["glob@10.5.0", "", { "dependencies": { "foreground-child": "^3.1.0", "jackspeak": "^3.1.2", "minimatch": "^9.0.4", "minipass": "^7.1.2", "package-json-from-dist": "^1.0.0", "path-scurry": "^1.11.1" }, "bin": { "glob": "dist/esm/bin.mjs" } }, "sha512-DfXN8DfhJ7NH3Oe7cFmu3NCu1wKbkReJ8TorzSAFbSKrlNaQSKfIzqYqVY8zlbs2NLBbWpRiU52GX2PbaBVNkg=="],

    "is-fullwidth-code-point": ["is-fullwidth-code-point@3.0.0", "", {}, "sha512-zymm5+u+sCsSWyD9qNaejV3DFvhCKclKdizYaJUuHA83RLjb7nSuGnddCHGv0hk+KY7BMAlsWeK4Ueg6EV6XQg=="],

    "isexe": ["isexe@2.0.0", "", {}, "sha512-RHxMLp9lnKHGHRng9QFhRCMbYAcVpn69smSGcq3f36xjgVVWThj4qqLbTLlq7Ssj8B+fIQ1EuCEGI2lKsyQeIw=="],

    "jackspeak": ["jackspeak@3.4.3", "", { "dependencies": { "@isaacs/cliui": "^8.0.2" }, "optionalDependencies": { "@pkgjs/parseargs": "^0.11.0" } }, "sha512-OGlZQpz2yfahA/Rd1Y8Cd9SIEsqvXkLVoSw/cgwhnhFMDbsQFeZYoJJ7bIZBS9BcamUW96asq/npPWugM+RQBw=="],

    "kleur": ["kleur@3.0.3", "", {}, "sha512-eTIzlVOSUR+JxdDFepEYcBMtZ9Qqdef+rnzWdRZuMbOywu5tO2w2N7rqjoANZ5k9vywhL6Br1VRjUIgTQx4E8w=="],

    "lru-cache": ["lru-cache@10.4.3", "", {}, "sha512-JNAzZcXrCt42VGLuYz0zfAzDfAvJWW6AfYlDBQyDV5DClI2m5sAmK+OIO7s59XfsRsWHp02jAJrRadPRGTt6SQ=="],

    "marked": ["marked@17.0.1", "", { "bin": { "marked": "bin/marked.js" } }, "sha512-boeBdiS0ghpWcSwoNm/jJBwdpFaMnZWRzjA6SkUMYb40SVaN1x7mmfGKp0jvexGcx+7y2La5zRZsYFZI6Qpypg=="],

    "minimatch": ["minimatch@9.0.5", "", { "dependencies": { "brace-expansion": "^2.0.1" } }, "sha512-G6T0ZX48xgozx7587koeX9Ys2NYy6Gmv//P89sEte9V9whIapMNF4idKxnW2QtCcLiTWlb/wfCabAtAFWhhBow=="],

    "minipass": ["minipass@7.1.2", "", {}, "sha512-qOOzS1cBTWYF4BH8fVePDBOO9iptMnGUEZwNc/cMWnTV2nVLZ7VoNWEPHkYczZA0pdoA7dl6e7FL659nX9S2aw=="],

    "package-json-from-dist": ["package-json-from-dist@1.0.1", "", {}, "sha512-UEZIS3/by4OC8vL3P2dTXRETpebLI2NiI5vIrjaD/5UtrkFX/tNbwjTSRAGC/+7CAo2pIcBaRgWmcBBHcsaCIw=="],

    "parse5": ["parse5@8.0.0", "", { "dependencies": { "entities": "^6.0.0" } }, "sha512-9m4m5GSgXjL4AjumKzq1Fgfp3Z8rsvjRNbnkVwfu2ImRqE5D0LnY2QfDen18FSY9C573YU5XxSapdHZTZ2WolA=="],

    "path-key": ["path-key@3.1.1", "", {}, "sha512-ojmeN0qd+y0jszEtoY48r0Peq5dwMEkIlCOu6Q5f41lfkswXuKtYrhgoTpLnyIcHm24Uhqx+5Tqm2InSwLhE6Q=="],

    "path-scurry": ["path-scurry@1.11.1", "", { "dependencies": { "lru-cache": "^10.2.0", "minipass": "^5.0.0 || ^6.0.2 || ^7.0.0" } }, "sha512-Xa4Nw17FS9ApQFJ9umLiJS4orGjm7ZzwUrwamcGQuHSzDyth9boKDaycYdDcZDuqYATXw4HFXgaqWTctW/v1HA=="],

    "picocolors": ["picocolors@1.1.1", "", {}, "sha512-xceH2snhtb5M9liqDsmEw56le376mTZkEX/jEb/RxNFyegNul7eNslCXP9FDj/Lcu0X8KEyMceP2ntpaHrDEVA=="],

    "prettier": ["prettier@3.8.1", "", { "bin": { "prettier": "bin/prettier.cjs" } }, "sha512-UOnG6LftzbdaHZcKoPFtOcCKztrQ57WkHDeRD9t/PTQtmT0NHSeWWepj6pS0z/N7+08BHFDQVUrfmfMRcZwbMg=="],

    "prompts": ["prompts@2.4.2", "", { "dependencies": { "kleur": "^3.0.3", "sisteransi": "^1.0.5" } }, "sha512-NxNv/kLguCA7p3jE8oL2aEBsrJWgAakBpgmgK6lpPWV+WuOmY6r2/zbAVnP+T8bQlA0nzHXSJSJW0Hq7ylaD2Q=="],

    "rolldown": ["rolldown@1.0.0-rc.1", "", { "dependencies": { "@oxc-project/types": "=0.110.0", "@rolldown/pluginutils": "1.0.0-rc.1" }, "optionalDependencies": { "@rolldown/binding-android-arm64": "1.0.0-rc.1", "@rolldown/binding-darwin-arm64": "1.0.0-rc.1", "@rolldown/binding-darwin-x64": "1.0.0-rc.1", "@rolldown/binding-freebsd-x64": "1.0.0-rc.1", "@rolldown/binding-linux-arm-gnueabihf": "1.0.0-rc.1", "@rolldown/binding-linux-arm64-gnu": "1.0.0-rc.1", "@rolldown/binding-linux-arm64-musl": "1.0.0-rc.1", "@rolldown/binding-linux-x64-gnu": "1.0.0-rc.1", "@rolldown/binding-linux-x64-musl": "1.0.0-rc.1", "@rolldown/binding-openharmony-arm64": "1.0.0-rc.1", "@rolldown/binding-wasm32-wasi": "1.0.0-rc.1", "@rolldown/binding-win32-arm64-msvc": "1.0.0-rc.1", "@rolldown/binding-win32-x64-msvc": "1.0.0-rc.1" }, "bin": { "rolldown": "bin/cli.mjs" } }, "sha512-M3AeZjYE6UclblEf531Hch0WfVC/NOL43Cc+WdF3J50kk5/fvouHhDumSGTh0oRjbZ8C4faaVr5r6Nx1xMqDGg=="],

    "shebang-command": ["shebang-command@2.0.0", "", { "dependencies": { "shebang-regex": "^3.0.0" } }, "sha512-kHxr2zZpYtdmrN1qDjrrX/Z1rR1kG8Dx+gkpK1G4eXmvXswmcE1hTWBWYUzlraYw1/yZp6YuDY77YtvbN0dmDA=="],

    "shebang-regex": ["shebang-regex@3.0.0", "", {}, "sha512-7++dFhtcx3353uBaq8DDR4NuxBetBzC7ZQOhmTQInHEd6bSrXdiEyzCvG07Z44UYdLShWUyXt5M/yhz8ekcb1A=="],

    "signal-exit": ["signal-exit@4.1.0", "", {}, "sha512-bzyZ1e88w9O1iNJbKnOlvYTrWPDl46O1bG0D3XInv+9tkPrxrN8jUUTiFlDkkmKWgn1M6CfIA13SuGqOa9Korw=="],

    "sisteransi": ["sisteransi@1.0.5", "", {}, "sha512-bLGGlR1QxBcynn2d5YmDX4MGjlZvy2MRBDRNHLJ8VI6l6+9FUiyTFNJ0IveOSP0bcXgVDPRcfGqA0pjaqUpfVg=="],

    "string-width": ["string-width@5.1.2", "", { "dependencies": { "eastasianwidth": "^0.2.0", "emoji-regex": "^9.2.2", "strip-ansi": "^7.0.1" } }, "sha512-HnLOCR3vjcY8beoNLtcjZ5/nxn2afmME6lhrDrebokqMap+XbeW8n9TXpPDOqdGK5qcI3oT0GKTW6wC7EMiVqA=="],

    "string-width-cjs": ["string-width@4.2.3", "", { "dependencies": { "emoji-regex": "^8.0.0", "is-fullwidth-code-point": "^3.0.0", "strip-ansi": "^6.0.1" } }, "sha512-wKyQRQpjJ0sIp62ErSZdGsjMJWsap5oRNihHhu6G7JVO/9jIB6UyevL+tXuOqrng8j/cxKTWyWUwvSTriiZz/g=="],

    "strip-ansi": ["strip-ansi@7.1.2", "", { "dependencies": { "ansi-regex": "^6.0.1" } }, "sha512-gmBGslpoQJtgnMAvOVqGZpEz9dyoKTCzy2nfz/n8aIFhN/jCE/rCmcxabB6jOOHV+0WNnylOxaxBQPSvcWklhA=="],

    "strip-ansi-cjs": ["strip-ansi@6.0.1", "", { "dependencies": { "ansi-regex": "^5.0.1" } }, "sha512-Y38VPSHcqkFrCpFnQ9vuSXmquuv5oXOKpGeT6aGrr3o3Gc9AlVa6JBfUSOCnbxGGZF+/0ooI7KrPuUSztUdU5A=="],

    "tslib": ["tslib@2.8.1", "", {}, "sha512-oJFu94HQb+KVduSUQL7wnpmqnfmLsOA/nAh6b6EH0wCEoK0/mPeXU6c3wKDV83MkOuHPRHtSXKKU99IBazS/2w=="],

    "typescript": ["typescript@5.9.3", "", { "bin": { "tsc": "bin/tsc", "tsserver": "bin/tsserver" } }, "sha512-jl1vZzPDinLr9eUt3J/t7V6FgNEw9QjvBPdysz9KfQDD41fQrC2Y4vKQdiaUpFT4bXlb1RHhLpp8wtm6M5TgSw=="],

    "undici-types": ["undici-types@7.16.0", "", {}, "sha512-Zz+aZWSj8LE6zoxD+xrjh4VfkIG8Ya6LvYkZqtUQGJPZjYl53ypCaUwWqo7eI0x66KBGeRo+mlBEkMSeSZ38Nw=="],

    "which": ["which@2.0.2", "", { "dependencies": { "isexe": "^2.0.0" }, "bin": { "node-which": "./bin/node-which" } }, "sha512-BLI3Tl1TW3Pvl70l3yq3Y64i+awpwXqsGBYWkkqMtnbXgrMD+yj7rhW0kuEDxzJaYXGjEW5ogapKNMEKNMjibA=="],

    "wrap-ansi": ["wrap-ansi@8.1.0", "", { "dependencies": { "ansi-styles": "^6.1.0", "string-width": "^5.0.1", "strip-ansi": "^7.0.1" } }, "sha512-si7QWI6zUMq56bESFvagtmzMdGOtoxfR+Sez11Mobfc7tm+VkUckk9bW2UeffTGVUbOksxmSw0AA2gs8g71NCQ=="],

    "wrap-ansi-cjs": ["wrap-ansi@7.0.0", "", { "dependencies": { "ansi-styles": "^4.0.0", "string-width": "^4.1.0", "strip-ansi": "^6.0.0" } }, "sha512-YVGIj2kamLSTxw6NsZjoBxfSwsn0ycdesmc4p+Q21c5zPuZ1pl+NfxVdxPtdHvmNVOQ6XSYG4AUtyt/Fi7D16Q=="],

    "ws": ["ws@8.19.0", "", { "peerDependencies": { "bufferutil": "^4.0.1", "utf-8-validate": ">=5.0.2" }, "optionalPeers": ["bufferutil", "utf-8-validate"] }, "sha512-blAT2mjOEIi0ZzruJfIhb3nps74PRWTCz1IjglWEEpQl5XS/UNama6u2/rjFkDDouqr4L67ry+1aGIALViWjDg=="],

    "@zenithbuild/compiler/@types/node": ["@types/node@20.19.30", "", { "dependencies": { "undici-types": "~6.21.0" } }, "sha512-WJtwWJu7UdlvzEAUm484QNg5eAoq5QR08KDNx7g45Usrs2NtOPiX8ugDqmKdXkyL03rBqU5dYNYVQetEpBHq2g=="],

    "string-width-cjs/emoji-regex": ["emoji-regex@8.0.0", "", {}, "sha512-MSjYzcWNOA0ewAHpz0MxpYFvwg6yjy1NG3xteoqz644VCo/RPgnr1/GGt+ic3iJTzQ8Eu3TdM14SawnVUmGE6A=="],

    "string-width-cjs/strip-ansi": ["strip-ansi@6.0.1", "", { "dependencies": { "ansi-regex": "^5.0.1" } }, "sha512-Y38VPSHcqkFrCpFnQ9vuSXmquuv5oXOKpGeT6aGrr3o3Gc9AlVa6JBfUSOCnbxGGZF+/0ooI7KrPuUSztUdU5A=="],

    "strip-ansi-cjs/ansi-regex": ["ansi-regex@5.0.1", "", {}, "sha512-quJQXlTSUGL2LH9SUXo8VwsY4soanhgo6LNSm84E1LBcE8s3O0wpdiRzyR9z/ZZJMlMWv37qOOb9pdJlMUEKFQ=="],

    "wrap-ansi-cjs/ansi-styles": ["ansi-styles@4.3.0", "", { "dependencies": { "color-convert": "^2.0.1" } }, "sha512-zbB9rCJAT1rbjiVDb2hqKFHNYLxgtk8NURxZ3IZwD3F6NtxbXZQCnnSi1Lkx+IDohdPlFp222wVALIheZJQSEg=="],

    "wrap-ansi-cjs/string-width": ["string-width@4.2.3", "", { "dependencies": { "emoji-regex": "^8.0.0", "is-fullwidth-code-point": "^3.0.0", "strip-ansi": "^6.0.1" } }, "sha512-wKyQRQpjJ0sIp62ErSZdGsjMJWsap5oRNihHhu6G7JVO/9jIB6UyevL+tXuOqrng8j/cxKTWyWUwvSTriiZz/g=="],

    "wrap-ansi-cjs/strip-ansi": ["strip-ansi@6.0.1", "", { "dependencies": { "ansi-regex": "^5.0.1" } }, "sha512-Y38VPSHcqkFrCpFnQ9vuSXmquuv5oXOKpGeT6aGrr3o3Gc9AlVa6JBfUSOCnbxGGZF+/0ooI7KrPuUSztUdU5A=="],

    "@zenithbuild/compiler/@types/node/undici-types": ["undici-types@6.21.0", "", {}, "sha512-iwDZqg0QAGrg9Rav5H4n0M64c3mkR59cJ6wQp+7C4nI0gsmExaedaYLNO44eT4AtBBwjbTiGPMlt2Md0T9H9JQ=="],

    "string-width-cjs/strip-ansi/ansi-regex": ["ansi-regex@5.0.1", "", {}, "sha512-quJQXlTSUGL2LH9SUXo8VwsY4soanhgo6LNSm84E1LBcE8s3O0wpdiRzyR9z/ZZJMlMWv37qOOb9pdJlMUEKFQ=="],

    "wrap-ansi-cjs/string-width/emoji-regex": ["emoji-regex@8.0.0", "", {}, "sha512-MSjYzcWNOA0ewAHpz0MxpYFvwg6yjy1NG3xteoqz644VCo/RPgnr1/GGt+ic3iJTzQ8Eu3TdM14SawnVUmGE6A=="],

    "wrap-ansi-cjs/strip-ansi/ansi-regex": ["ansi-regex@5.0.1", "", {}, "sha512-quJQXlTSUGL2LH9SUXo8VwsY4soanhgo6LNSm84E1LBcE8s3O0wpdiRzyR9z/ZZJMlMWv37qOOb9pdJlMUEKFQ=="],
  }
}
